
Microsoft Visual Studio Solution File, Format Version 12.00
# Visual Studio 2012
Project("{D954291E-2A0B-460D-934E-DC6B0785DB48}") = "TestAppCenter", "TestAppCenter\TestAppCenter.shproj", "{64A3BFE8-3365-4F0F-861D-52A2C50C025B}"
EndProject
Project("{FAE04EC0-301F-11D3-BF4B-00C04F79EFBC}") = "TestAppCenter.Droid", "Droid\TestAppCenter.Droid.csproj", "{98E68059-E93C-4EE2-B152-1AD789EE2796}"
EndProject
Project("{FAE04EC0-301F-11D3-BF4B-00C04F79EFBC}") = "TestAppCenter.iOS", "iOS\TestAppCenter.iOS.csproj", "{F02BB5E3-F051-4AED-9E74-BB1C908D7738}"
EndProject
Project("{FAE04EC0-301F-11D3-BF4B-00C04F79EFBC}") = "TestAppCenter.iOS.Tests", "TestAppCenter.iOS.Tests\TestAppCenter.iOS.Tests.csproj", "{3937F9BD-034F-4A66-BE5D-430A19746813}"
EndProject
Project("{FAE04EC0-301F-11D3-BF4B-00C04F79EFBC}") = "TestappCenter.Droid.Tests", "TestappCenter.Droid.Tests\TestappCenter.Droid.Tests.csproj", "{7E28E316-499B-4A89-8BD1-5C0D2830D514}"
EndProject
Project("{FAE04EC0-301F-11D3-BF4B-00C04F79EFBC}") = "TestAppCenter.UITests", "UITests\TestAppCenter.UITests.csproj", "{9CB5CF7E-461D-46F5-B110-65E4A69A14E9}"
EndProject
Global
	GlobalSection(SolutionConfigurationPlatforms) = preSolution
		Debug|Any CPU = Debug|Any CPU
		Release|Any CPU = Release|Any CPU
		Debug|iPhoneSimulator = Debug|iPhoneSimulator
		Release|iPhone = Release|iPhone
		Release|iPhoneSimulator = Release|iPhoneSimulator
		Debug|iPhone = Debug|iPhone
	EndGlobalSection
	GlobalSection(ProjectConfigurationPlatforms) = postSolution
		{98E68059-E93C-4EE2-B152-1AD789EE2796}.Debug|Any CPU.ActiveCfg = Debug|Any CPU
		{98E68059-E93C-4EE2-B152-1AD789EE2796}.Debug|Any CPU.Build.0 = Debug|Any CPU
		{98E68059-E93C-4EE2-B152-1AD789EE2796}.Release|Any CPU.ActiveCfg = Release|Any CPU
		{98E68059-E93C-4EE2-B152-1AD789EE2796}.Release|Any CPU.Build.0 = Release|Any CPU
		{98E68059-E93C-4EE2-B152-1AD789EE2796}.Debug|iPhoneSimulator.ActiveCfg = Debug|Any CPU
		{98E68059-E93C-4EE2-B152-1AD789EE2796}.Debug|iPhoneSimulator.Build.0 = Debug|Any CPU
		{98E68059-E93C-4EE2-B152-1AD789EE2796}.Release|iPhone.ActiveCfg = Release|Any CPU
		{98E68059-E93C-4EE2-B152-1AD789EE2796}.Release|iPhone.Build.0 = Release|Any CPU
		{98E68059-E93C-4EE2-B152-1AD789EE2796}.Release|iPhoneSimulator.ActiveCfg = Release|Any CPU
		{98E68059-E93C-4EE2-B152-1AD789EE2796}.Release|iPhoneSimulator.Build.0 = Release|Any CPU
		{98E68059-E93C-4EE2-B152-1AD789EE2796}.Debug|iPhone.ActiveCfg = Debug|Any CPU
		{98E68059-E93C-4EE2-B152-1AD789EE2796}.Debug|iPhone.Build.0 = Debug|Any CPU
		{F02BB5E3-F051-4AED-9E74-BB1C908D7738}.Debug|Any CPU.ActiveCfg = Debug|iPhoneSimulator
		{F02BB5E3-F051-4AED-9E74-BB1C908D7738}.Debug|Any CPU.Build.0 = Debug|iPhoneSimulator
		{F02BB5E3-F051-4AED-9E74-BB1C908D7738}.Release|Any CPU.ActiveCfg = Release|iPhone
		{F02BB5E3-F051-4AED-9E74-BB1C908D7738}.Release|Any CPU.Build.0 = Release|iPhone
		{F02BB5E3-F051-4AED-9E74-BB1C908D7738}.Debug|iPhoneSimulator.ActiveCfg = Debug|iPhoneSimulator
		{F02BB5E3-F051-4AED-9E74-BB1C908D7738}.Debug|iPhoneSimulator.Build.0 = Debug|iPhoneSimulator
		{F02BB5E3-F051-4AED-9E74-BB1C908D7738}.Release|iPhone.ActiveCfg = Release|iPhone
		{F02BB5E3-F051-4AED-9E74-BB1C908D7738}.Release|iPhone.Build.0 = Release|iPhone
		{F02BB5E3-F051-4AED-9E74-BB1C908D7738}.Release|iPhoneSimulator.ActiveCfg = Release|iPhoneSimulator
		{F02BB5E3-F051-4AED-9E74-BB1C908D7738}.Release|iPhoneSimulator.Build.0 = Release|iPhoneSimulator
		{F02BB5E3-F051-4AED-9E74-BB1C908D7738}.Debug|iPhone.ActiveCfg = Debug|iPhone
		{F02BB5E3-F051-4AED-9E74-BB1C908D7738}.Debug|iPhone.Build.0 = Debug|iPhone
		{3937F9BD-034F-4A66-BE5D-430A19746813}.Debug|Any CPU.ActiveCfg = Debug|iPhoneSimulator
		{3937F9BD-034F-4A66-BE5D-430A19746813}.Debug|Any CPU.Build.0 = Debug|iPhoneSimulator
		{3937F9BD-034F-4A66-BE5D-430A19746813}.Release|Any CPU.ActiveCfg = Release|iPhone
		{3937F9BD-034F-4A66-BE5D-430A19746813}.Release|Any CPU.Build.0 = Release|iPhone
		{3937F9BD-034F-4A66-BE5D-430A19746813}.Debug|iPhoneSimulator.ActiveCfg = Debug|iPhoneSimulator
		{3937F9BD-034F-4A66-BE5D-430A19746813}.Debug|iPhoneSimulator.Build.0 = Debug|iPhoneSimulator
		{3937F9BD-034F-4A66-BE5D-430A19746813}.Release|iPhone.ActiveCfg = Release|iPhone
		{3937F9BD-034F-4A66-BE5D-430A19746813}.Release|iPhone.Build.0 = Release|iPhone
		{3937F9BD-034F-4A66-BE5D-430A19746813}.Release|iPhoneSimulator.ActiveCfg = Release|iPhoneSimulator
		{3937F9BD-034F-4A66-BE5D-430A19746813}.Release|iPhoneSimulator.Build.0 = Release|iPhoneSimulator
		{3937F9BD-034F-4A66-BE5D-430A19746813}.Debug|iPhone.ActiveCfg = Debug|iPhone
		{3937F9BD-034F-4A66-BE5D-430A19746813}.Debug|iPhone.Build.0 = Debug|iPhone
		{7E28E316-499B-4A89-8BD1-5C0D2830D514}.Debug|Any CPU.ActiveCfg = Debug|Any CPU
		{7E28E316-499B-4A89-8BD1-5C0D2830D514}.Debug|Any CPU.Build.0 = Debug|Any CPU
		{7E28E316-499B-4A89-8BD1-5C0D2830D514}.Release|Any CPU.ActiveCfg = Release|Any CPU
		{7E28E316-499B-4A89-8BD1-5C0D2830D514}.Release|Any CPU.Build.0 = Release|Any CPU
		{7E28E316-499B-4A89-8BD1-5C0D2830D514}.Debug|iPhoneSimulator.ActiveCfg = Debug|Any CPU
		{7E28E316-499B-4A89-8BD1-5C0D2830D514}.Debug|iPhoneSimulator.Build.0 = Debug|Any CPU
		{7E28E316-499B-4A89-8BD1-5C0D2830D514}.Release|iPhone.ActiveCfg = Release|Any CPU
		{7E28E316-499B-4A89-8BD1-5C0D2830D514}.Release|iPhone.Build.0 = Release|Any CPU
		{7E28E316-499B-4A89-8BD1-5C0D2830D514}.Release|iPhoneSimulator.ActiveCfg = Release|Any CPU
		{7E28E316-499B-4A89-8BD1-5C0D2830D514}.Release|iPhoneSimulator.Build.0 = Release|Any CPU
		{7E28E316-499B-4A89-8BD1-5C0D2830D514}.Debug|iPhone.ActiveCfg = Debug|Any CPU
		{7E28E316-499B-4A89-8BD1-5C0D2830D514}.Debug|iPhone.Build.0 = Debug|Any CPU
		{9CB5CF7E-461D-46F5-B110-65E4A69A14E9}.Debug|Any CPU.ActiveCfg = Debug|Any CPU
		{9CB5CF7E-461D-46F5-B110-65E4A69A14E9}.Debug|Any CPU.Build.0 = Debug|Any CPU
		{9CB5CF7E-461D-46F5-B110-65E4A69A14E9}.Release|Any CPU.ActiveCfg = Release|Any CPU
		{9CB5CF7E-461D-46F5-B110-65E4A69A14E9}.Release|Any CPU.Build.0 = Release|Any CPU
		{9CB5CF7E-461D-46F5-B110-65E4A69A14E9}.Debug|iPhoneSimulator.ActiveCfg = Debug|Any CPU
		{9CB5CF7E-461D-46F5-B110-65E4A69A14E9}.Debug|iPhoneSimulator.Build.0 = Debug|Any CPU
		{9CB5CF7E-461D-46F5-B110-65E4A69A14E9}.Release|iPhone.ActiveCfg = Release|Any CPU
		{9CB5CF7E-461D-46F5-B110-65E4A69A14E9}.Release|iPhone.Build.0 = Release|Any CPU
		{9CB5CF7E-461D-46F5-B110-65E4A69A14E9}.Release|iPhoneSimulator.ActiveCfg = Release|Any CPU
		{9CB5CF7E-461D-46F5-B110-65E4A69A14E9}.Release|iPhoneSimulator.Build.0 = Release|Any CPU
		{9CB5CF7E-461D-46F5-B110-65E4A69A14E9}.Debug|iPhone.ActiveCfg = Debug|Any CPU
		{9CB5CF7E-461D-46F5-B110-65E4A69A14E9}.Debug|iPhone.Build.0 = Debug|Any CPU
	EndGlobalSection
EndGlobal
